
Microsoft Visual Studio Solution File, Format Version 12.00
# Visual Studio Version 17
VisualStudioVersion = 17.11.35312.102
MinimumVisualStudioVersion = 10.0.40219.1
Project("{FAE04EC0-301F-11D3-BF4B-00C04F79EFBC}") = "FunctionSuma", "FunctionSuma.csproj", "{8BF5D1C9-2D04-42CC-B594-CF1EBE21ACCA}"
EndProject
Global
	GlobalSection(SolutionConfigurationPlatforms) = preSolution
		Debug|Any CPU = Debug|Any CPU
		Release|Any CPU = Release|Any CPU
	EndGlobalSection
	GlobalSection(ProjectConfigurationPlatforms) = postSolution
		{8BF5D1C9-2D04-42CC-B594-CF1EBE21ACCA}.Debug|Any CPU.ActiveCfg = Debug|Any CPU
		{8BF5D1C9-2D04-42CC-B594-CF1EBE21ACCA}.Debug|Any CPU.Build.0 = Debug|Any CPU
		{8BF5D1C9-2D04-42CC-B594-CF1EBE21ACCA}.Release|Any CPU.ActiveCfg = Release|Any CPU
		{8BF5D1C9-2D04-42CC-B594-CF1EBE21ACCA}.Release|Any CPU.Build.0 = Release|Any CPU
	EndGlobalSection
	GlobalSection(SolutionProperties) = preSolution
		HideSolutionNode = FALSE
	EndGlobalSection
	GlobalSection(ExtensibilityGlobals) = postSolution
		SolutionGuid = {5F850698-E746-4E47-B1ED-96298033BA92}
	EndGlobalSection
EndGlobal
